# This file was autogenerated by Stack.
# You should not edit this file by hand.
# For more information, please see the documentation at:
#   https://docs.haskellstack.org/en/stable/lock_files

packages:
- completed:
    hackage: select-0.4.0.1@sha256:d409315752a069693bdd4169fa9a8ea7777d814da77cd8604f367cf0741de295,2492
    pantry-tree:
      size: 1256
      sha256: b6ae36ccba2a7cdd1ad130575931364002682e532d7043da62771e58294ddb7a
  original:
    hackage: select-0.4.0.1
snapshots:
- completed:
    size: 523443
    url: https://raw.githubusercontent.com/commercialhaskell/stackage-snapshots/master/lts/14/0.yaml
    sha256: 283773e7120f5446d961eab35ea95c9af9c24187cc178537bd29273200a05171
  original: lts-14.0
